
Microsoft Visual Studio Solution File, Format Version 12.00
# Visual Studio Version 17
VisualStudioVersion = 17.10.35013.160
MinimumVisualStudioVersion = 10.0.40219.1
Project("{FAE04EC0-301F-11D3-BF4B-00C04F79EFBC}") = "YoutubeBlog.Web", "YoutubeBlog.Web\YoutubeBlog.Web.csproj", "{D2679F64-8286-4CC8-B862-1BB1D320AD85}"
EndProject
Project("{FAE04EC0-301F-11D3-BF4B-00C04F79EFBC}") = "YoutubeBlog.Core", "Core\YoutubeBlog.Core.csproj", "{CA46B5F6-0B89-497C-AB73-AF38D80D0336}"
EndProject
Project("{FAE04EC0-301F-11D3-BF4B-00C04F79EFBC}") = "YoutubeBlog.Entity", "Entity\YoutubeBlog.Entity.csproj", "{167FFC6F-1D4E-4A8C-B448-592C73154781}"
EndProject
Project("{FAE04EC0-301F-11D3-BF4B-00C04F79EFBC}") = "YoutubeBlog.Data", "YoutubeBlog.Data\YoutubeBlog.Data.csproj", "{5A567761-C15C-4E34-BCA2-3ABCB76B135A}"
EndProject
Project("{FAE04EC0-301F-11D3-BF4B-00C04F79EFBC}") = "YoutubeBlog.Service", "YoutubeBlog.Service\YoutubeBlog.Service.csproj", "{4876BC1C-6F7E-43A7-83D5-CFF3D9F62490}"
EndProject
Global
	GlobalSection(SolutionConfigurationPlatforms) = preSolution
		Debug|Any CPU = Debug|Any CPU
		Release|Any CPU = Release|Any CPU
	EndGlobalSection
	GlobalSection(ProjectConfigurationPlatforms) = postSolution
		{D2679F64-8286-4CC8-B862-1BB1D320AD85}.Debug|Any CPU.ActiveCfg = Debug|Any CPU
		{D2679F64-8286-4CC8-B862-1BB1D320AD85}.Debug|Any CPU.Build.0 = Debug|Any CPU
		{D2679F64-8286-4CC8-B862-1BB1D320AD85}.Release|Any CPU.ActiveCfg = Release|Any CPU
		{D2679F64-8286-4CC8-B862-1BB1D320AD85}.Release|Any CPU.Build.0 = Release|Any CPU
		{CA46B5F6-0B89-497C-AB73-AF38D80D0336}.Debug|Any CPU.ActiveCfg = Debug|Any CPU
		{CA46B5F6-0B89-497C-AB73-AF38D80D0336}.Debug|Any CPU.Build.0 = Debug|Any CPU
		{CA46B5F6-0B89-497C-AB73-AF38D80D0336}.Release|Any CPU.ActiveCfg = Release|Any CPU
		{CA46B5F6-0B89-497C-AB73-AF38D80D0336}.Release|Any CPU.Build.0 = Release|Any CPU
		{167FFC6F-1D4E-4A8C-B448-592C73154781}.Debug|Any CPU.ActiveCfg = Debug|Any CPU
		{167FFC6F-1D4E-4A8C-B448-592C73154781}.Debug|Any CPU.Build.0 = Debug|Any CPU
		{167FFC6F-1D4E-4A8C-B448-592C73154781}.Release|Any CPU.ActiveCfg = Release|Any CPU
		{167FFC6F-1D4E-4A8C-B448-592C73154781}.Release|Any CPU.Build.0 = Release|Any CPU
		{5A567761-C15C-4E34-BCA2-3ABCB76B135A}.Debug|Any CPU.ActiveCfg = Debug|Any CPU
		{5A567761-C15C-4E34-BCA2-3ABCB76B135A}.Debug|Any CPU.Build.0 = Debug|Any CPU
		{5A567761-C15C-4E34-BCA2-3ABCB76B135A}.Release|Any CPU.ActiveCfg = Release|Any CPU
		{5A567761-C15C-4E34-BCA2-3ABCB76B135A}.Release|Any CPU.Build.0 = Release|Any CPU
		{4876BC1C-6F7E-43A7-83D5-CFF3D9F62490}.Debug|Any CPU.ActiveCfg = Debug|Any CPU
		{4876BC1C-6F7E-43A7-83D5-CFF3D9F62490}.Debug|Any CPU.Build.0 = Debug|Any CPU
		{4876BC1C-6F7E-43A7-83D5-CFF3D9F62490}.Release|Any CPU.ActiveCfg = Release|Any CPU
		{4876BC1C-6F7E-43A7-83D5-CFF3D9F62490}.Release|Any CPU.Build.0 = Release|Any CPU
	EndGlobalSection
	GlobalSection(SolutionProperties) = preSolution
		HideSolutionNode = FALSE
	EndGlobalSection
	GlobalSection(ExtensibilityGlobals) = postSolution
		SolutionGuid = {C12393D6-A849-4226-90A5-4C113599604D}
	EndGlobalSection
EndGlobal
